// !$*UTF8*$!
{
	archiveVersion = 1;
	classes = {
	};
	objectVersion = 50;
	objects = {

/* Begin PBXBuildFile section */
		9845953D244CC79A008473D7 /* AppDelegate.swift in Sources */ = {isa = PBXBuildFile; fileRef = 9845953C244CC79A008473D7 /* AppDelegate.swift */; };
		9845953F244CC79A008473D7 /* SceneDelegate.swift in Sources */ = {isa = PBXBuildFile; fileRef = 9845953E244CC79A008473D7 /* SceneDelegate.swift */; };
		98459541244CC79A008473D7 /* ViewController.swift in Sources */ = {isa = PBXBuildFile; fileRef = 98459540244CC79A008473D7 /* ViewController.swift */; };
		98459544244CC79A008473D7 /* Main.storyboard in Resources */ = {isa = PBXBuildFile; fileRef = 98459542244CC79A008473D7 /* Main.storyboard */; };
		98459546244CC79C008473D7 /* Assets.xcassets in Resources */ = {isa = PBXBuildFile; fileRef = 98459545244CC79C008473D7 /* Assets.xcassets */; };
		98459549244CC79C008473D7 /* LaunchScreen.storyboard in Resources */ = {isa = PBXBuildFile; fileRef = 98459547244CC79C008473D7 /* LaunchScreen.storyboard */; };
		98459551244CDE1F008473D7 /* PopUpLabel.swift in Sources */ = {isa = PBXBuildFile; fileRef = 98459550244CDE1F008473D7 /* PopUpLabel.swift */; };
/* End PBXBuildFile section */

/* Begin PBXFileReference section */
		98459539244CC79A008473D7 /* Animating MapKit Annotations.app */ = {isa = PBXFileReference; explicitFileType = wrapper.application; includeInIndex = 0; path = "Animating MapKit Annotations.app"; sourceTree = BUILT_PRODUCTS_DIR; };
		9845953C244CC79A008473D7 /* AppDelegate.swift */ = {isa = PBXFileReference; lastKnownFileType = sourcecode.swift; path = AppDelegate.swift; sourceTree = "<group>"; };
		9845953E244CC79A008473D7 /* SceneDelegate.swift */ = {isa = PBXFileReference; lastKnownFileType = sourcecode.swift; path = SceneDelegate.swift; sourceTree = "<group>"; };
		98459540244CC79A008473D7 /* ViewController.swift */ = {isa = PBXFileReference; lastKnownFileType = sourcecode.swift; path = ViewController.swift; sourceTree = "<group>"; };
		98459543244CC79A008473D7 /* Base */ = {isa = PBXFileReference; lastKnownFileType = file.storyboard; name = Base; path = Base.lproj/Main.storyboard; sourceTree = "<group>"; };
		98459545244CC79C008473D7 /* Assets.xcassets */ = {isa = PBXFileReference; lastKnownFileType = folder.assetcatalog; path = Assets.xcassets; sourceTree = "<group>"; };
		98459548244CC79C008473D7 /* Base */ = {isa = PBXFileReference; lastKnownFileType = file.storyboard; name = Base; path = Base.lproj/LaunchScreen.storyboard; sourceTree = "<group>"; };
		9845954A244CC79C008473D7 /* Info.plist */ = {isa = PBXFileReference; lastKnownFileType = text.plist.xml; path = Info.plist; sourceTree = "<group>"; };
		98459550244CDE1F008473D7 /* PopUpLabel.swift */ = {isa = PBXFileReference; lastKnownFileType = sourcecode.swift; path = PopUpLabel.swift; sourceTree = "<group>"; };
/* End PBXFileReference section */

/* Begin PBXFrameworksBuildPhase section */
		98459536244CC79A008473D7 /* Frameworks */ = {
			isa = PBXFrameworksBuildPhase;
			buildActionMask = 2147483647;
			files = (
			);
			runOnlyForDeploymentPostprocessing = 0;
		};
/* End PBXFrameworksBuildPhase section */

/* Begin PBXGroup section */
		98459530244CC79A008473D7 = {
			isa = PBXGroup;
			children = (
				9845953B244CC79A008473D7 /* Animating MapKit Annotations */,
				9845953A244CC79A008473D7 /* Products */,
			);
			sourceTree = "<group>";
		};
		9845953A244CC79A008473D7 /* Products */ = {
			isa = PBXGroup;
			children = (
				98459539244CC79A008473D7 /* Animating MapKit Annotations.app */,
			);
			name = Products;
			sourceTree = "<group>";
		};
		9845953B244CC79A008473D7 /* Animating MapKit Annotations */ = {
			isa = PBXGroup;
			children = (
				9845953C244CC79A008473D7 /* AppDelegate.swift */,
				9845953E244CC79A008473D7 /* SceneDelegate.swift */,
				98459540244CC79A008473D7 /* ViewController.swift */,
				98459550244CDE1F008473D7 /* PopUpLabel.swift */,
				98459542244CC79A008473D7 /* Main.storyboard */,
				98459545244CC79C008473D7 /* Assets.xcassets */,
				98459547244CC79C008473D7 /* LaunchScreen.storyboard */,
				9845954A244CC79C008473D7 /* Info.plist */,
			);
			path = "Animating MapKit Annotations";
			sourceTree = "<group>";
		};
/* End PBXGroup section */

/* Begin PBXNativeTarget section */
		98459538244CC79A008473D7 /* Animating MapKit Annotations */ = {
			isa = PBXNativeTarget;
			buildConfigurationList = 9845954D244CC79C008473D7 /* Build configuration list for PBXNativeTarget "Animating MapKit Annotations" */;
			buildPhases = (
				98459535244CC79A008473D7 /* Sources */,
				98459536244CC79A008473D7 /* Frameworks */,
				98459537244CC79A008473D7 /* Resources */,
			);
			buildRules = (
			);
			dependencies = (
			);
			name = "Animating MapKit Annotations";
			productName = "Animating MapKit Annotations";
			productReference = 98459539244CC79A008473D7 /* Animating MapKit Annotations.app */;
			productType = "com.apple.product-type.application";
		};
/* End PBXNativeTarget section */

/* Begin PBXProject section */
		98459531244CC79A008473D7 /* Project object */ = {
			isa = PBXProject;
			attributes = {
				LastSwiftUpdateCheck = 1140;
				LastUpgradeCheck = 1140;
				ORGANIZATIONNAME = UiTM;
				TargetAttributes = {
					98459538244CC79A008473D7 = {
						CreatedOnToolsVersion = 11.4.1;
					};
				};
			};
			buildConfigurationList = 98459534244CC79A008473D7 /* Build configuration list for PBXProject "Animating MapKit Annotations" */;
			compatibilityVersion = "Xcode 9.3";
			developmentRegion = en;
			hasScannedForEncodings = 0;
			knownRegions = (
				en,
				Base,
			);
			mainGroup = 98459530244CC79A008473D7;
			productRefGroup = 9845953A244CC79A008473D7 /* Products */;
			projectDirPath = "";
			projectRoot = "";
			targets = (
				98459538244CC79A008473D7 /* Animating MapKit Annotations */,
			);
		};
/* End PBXProject section */

/* Begin PBXResourcesBuildPhase section */
		98459537244CC79A008473D7 /* Resources */ = {
			isa = PBXResourcesBuildPhase;
			buildActionMask = 2147483647;
			files = (
				98459549244CC79C008473D7 /* LaunchScreen.storyboard in Resources */,
				98459546244CC79C008473D7 /* Assets.xcassets in Resources */,
				98459544244CC79A008473D7 /* Main.storyboard in Resources */,
			);
			runOnlyForDeploymentPostprocessing = 0;
		};
/* End PBXResourcesBuildPhase section */

/* Begin PBXSourcesBuildPhase section */
		98459535244CC79A008473D7 /* Sources */ = {
			isa = PBXSourcesBuildPhase;
			buildActionMask = 2147483647;
			files = (
				98459541244CC79A008473D7 /* ViewController.swift in Sources */,
				9845953D244CC79A008473D7 /* AppDelegate.swift in Sources */,
				9845953F244CC79A008473D7 /* SceneDelegate.swift in Sources */,
				98459551244CDE1F008473D7 /* PopUpLabel.swift in Sources */,
			);
			runOnlyForDeploymentPostprocessing = 0;
		};
/* End PBXSourcesBuildPhase section */

/* Begin PBXVariantGroup section */
		98459542244CC79A008473D7 /* Main.storyboard */ = {
			isa = PBXVariantGroup;
			children = (
				98459543244CC79A008473D7 /* Base */,
			);
			name = Main.storyboard;
			sourceTree = "<group>";
		};
		98459547244CC79C008473D7 /* LaunchScreen.storyboard */ = {
			isa = PBXVariantGroup;
			children = (
				98459548244CC79C008473D7 /* Base */,
			);
			name = LaunchScreen.storyboard;
			sourceTree = "<group>";
		};
/* End PBXVariantGroup section */

/* Begin XCBuildConfiguration section */
		9845954B244CC79C008473D7 /* Debug */ = {
			isa = XCBuildConfiguration;
			buildSettings = {
				ALWAYS_SEARCH_USER_PATHS = NO;
				CLANG_ANALYZER_NONNULL = YES;
				CLANG_ANALYZER_NUMBER_OBJECT_CONVERSION = YES_AGGRESSIVE;
				CLANG_CXX_LANGUAGE_STANDARD = "gnu++14";
				CLANG_CXX_LIBRARY = "libc++";
				CLANG_ENABLE_MODULES = YES;
				CLANG_ENABLE_OBJC_ARC = YES;
				CLANG_ENABLE_OBJC_WEAK = YES;
				CLANG_WARN_BLOCK_CAPTURE_AUTORELEASING = YES;
				CLANG_WARN_BOOL_CONVERSION = YES;
				CLANG_WARN_COMMA = YES;
				CLANG_WARN_CONSTANT_CONVERSION = YES;
				CLANG_WARN_DEPRECATED_OBJC_IMPLEMENTATIONS = YES;
				CLANG_WARN_DIRECT_OBJC_ISA_USAGE = YES_ERROR;
				CLANG_WARN_DOCUMENTATION_COMMENTS = YES;
				CLANG_WARN_EMPTY_BODY = YES;
				CLANG_WARN_ENUM_CONVERSION = YES;
				CLANG_WARN_INFINITE_RECURSION = YES;
				CLANG_WARN_INT_CONVERSION = YES;
				CLANG_WARN_NON_LITERAL_NULL_CONVERSION = YES;
				CLANG_WARN_OBJC_IMPLICIT_RETAIN_SELF = YES;
				CLANG_WARN_OBJC_LITERAL_CONVERSION = YES;
				CLANG_WARN_OBJC_ROOT_CLASS = YES_ERROR;
				CLANG_WARN_RANGE_LOOP_ANALYSIS = YES;
				CLANG_WARN_STRICT_PROTOTYPES = YES;
				CLANG_WARN_SUSPICIOUS_MOVE = YES;
				CLANG_WARN_UNGUARDED_AVAILABILITY = YES_AGGRESSIVE;
				CLANG_WARN_UNREACHABLE_CODE = YES;
				CLANG_WARN__DUPLICATE_METHOD_MATCH = YES;
				COPY_PHASE_STRIP = NO;
				DEBUG_INFORMATION_FORMAT = dwarf;
				ENABLE_STRICT_OBJC_MSGSEND = YES;
				ENABLE_TESTABILITY = YES;
				GCC_C_LANGUAGE_STANDARD = gnu11;
				GCC_DYNAMIC_NO_PIC = NO;
				GCC_NO_COMMON_BLOCKS = YES;
				GCC_OPTIMIZATION_LEVEL = 0;
				GCC_PREPROCESSOR_DEFINITIONS = (
					"DEBUG=1",
					"$(inherited)",
				);
				GCC_WARN_64_TO_32_BIT_CONVERSION = YES;
				GCC_WARN_ABOUT_RETURN_TYPE = YES_ERROR;
				GCC_WARN_UNDECLARED_SELECTOR = YES;
				GCC_WARN_UNINITIALIZED_AUTOS = YES_AGGRESSIVE;
				GCC_WARN_UNUSED_FUNCTION = YES;
				GCC_WARN_UNUSED_VARIABLE = YES;
				IPHONEOS_DEPLOYMENT_TARGET = 13.4;
				MTL_ENABLE_DEBUG_INFO = INCLUDE_SOURCE;
				MTL_FAST_MATH = YES;
				ONLY_ACTIVE_ARCH = YES;
				SDKROOT = iphoneos;
				SWIFT_ACTIVE_COMPILATION_CONDITIONS = DEBUG;
				SWIFT_OPTIMIZATION_LEVEL = "-Onone";
			};
			name = Debug;
		};
		9845954C244CC79C008473D7 /* Release */ = {
			isa = XCBuildConfiguration;
			buildSettings = {
				ALWAYS_SEARCH_USER_PATHS = NO;
				CLANG_ANALYZER_NONNULL = YES;
				CLANG_ANALYZER_NUMBER_OBJECT_CONVERSION = YES_AGGRESSIVE;
				CLANG_CXX_LANGUAGE_STANDARD = "gnu++14";
				CLANG_CXX_LIBRARY = "libc++";
				CLANG_ENABLE_MODULES = YES;
				CLANG_ENABLE_OBJC_ARC = YES;
				CLANG_ENABLE_OBJC_WEAK = YES;
				CLANG_WARN_BLOCK_CAPTURE_AUTORELEASING = YES;
				CLANG_WARN_BOOL_CONVERSION = YES;
				CLANG_WARN_COMMA = YES;
				CLANG_WARN_CONSTANT_CONVERSION = YES;
				CLANG_WARN_DEPRECATED_OBJC_IMPLEMENTATIONS = YES;
				CLANG_WARN_DIRECT_OBJC_ISA_USAGE = YES_ERROR;
				CLANG_WARN_DOCUMENTATION_COMMENTS = YES;
				CLANG_WARN_EMPTY_BODY = YES;
				CLANG_WARN_ENUM_CONVERSION = YES;
				CLANG_WARN_INFINITE_RECURSION = YES;
				CLANG_WARN_INT_CONVERSION = YES;
				CLANG_WARN_NON_LITERAL_NULL_CONVERSION = YES;
				CLANG_WARN_OBJC_IMPLICIT_RETAIN_SELF = YES;
				CLANG_WARN_OBJC_LITERAL_CONVERSION = YES;
				CLANG_WARN_OBJC_ROOT_CLASS = YES_ERROR;
				CLANG_WARN_RANGE_LOOP_ANALYSIS = YES;
				CLANG_WARN_STRICT_PROTOTYPES = YES;
				CLANG_WARN_SUSPICIOUS_MOVE = YES;
				CLANG_WARN_UNGUARDED_AVAILABILITY = YES_AGGRESSIVE;
				CLANG_WARN_UNREACHABLE_CODE = YES;
				CLANG_WARN__DUPLICATE_METHOD_MATCH = YES;
				COPY_PHASE_STRIP = NO;
				DEBUG_INFORMATION_FORMAT = "dwarf-with-dsym";
				ENABLE_NS_ASSERTIONS = NO;
				ENABLE_STRICT_OBJC_MSGSEND = YES;
				GCC_C_LANGUAGE_STANDARD = gnu11;
				GCC_NO_COMMON_BLOCKS = YES;
				GCC_WARN_64_TO_32_BIT_CONVERSION = YES;
				GCC_WARN_ABOUT_RETURN_TYPE = YES_ERROR;
				GCC_WARN_UNDECLARED_SELECTOR = YES;
				GCC_WARN_UNINITIALIZED_AUTOS = YES_AGGRESSIVE;
				GCC_WARN_UNUSED_FUNCTION = YES;
				GCC_WARN_UNUSED_VARIABLE = YES;
				IPHONEOS_DEPLOYMENT_TARGET = 13.4;
				MTL_ENABLE_DEBUG_INFO = NO;
				MTL_FAST_MATH = YES;
				SDKROOT = iphoneos;
				SWIFT_COMPILATION_MODE = wholemodule;
				SWIFT_OPTIMIZATION_LEVEL = "-O";
				VALIDATE_PRODUCT = YES;
			};
			name = Release;
		};
		9845954E244CC79C008473D7 /* Debug */ = {
			isa = XCBuildConfiguration;
			buildSettings = {
				ASSETCATALOG_COMPILER_APPICON_NAME = AppIcon;
				CODE_SIGN_STYLE = Automatic;
				DEVELOPMENT_TEAM = GRQK546865;
				INFOPLIST_FILE = "Animating MapKit Annotations/Info.plist";
				LD_RUNPATH_SEARCH_PATHS = (
					"$(inherited)",
					"@executable_path/Frameworks",
				);
				PRODUCT_BUNDLE_IDENTIFIER = "com.clumsyzidz.Animating-MapKit-Annotations";
				PRODUCT_NAME = "$(TARGET_NAME)";
				SWIFT_VERSION = 5.0;
				TARGETED_DEVICE_FAMILY = "1,2";
			};
			name = Debug;
		};
		9845954F244CC79C008473D7 /* Release */ = {
			isa = XCBuildConfiguration;
			buildSettings = {
				ASSETCATALOG_COMPILER_APPICON_NAME = AppIcon;
				CODE_SIGN_STYLE = Automatic;
				DEVELOPMENT_TEAM = GRQK546865;
				INFOPLIST_FILE = "Animating MapKit Annotations/Info.plist";
				LD_RUNPATH_SEARCH_PATHS = (
					"$(inherited)",
					"@executable_path/Frameworks",
				);
				PRODUCT_BUNDLE_IDENTIFIER = "com.clumsyzidz.Animating-MapKit-Annotations";
				PRODUCT_NAME = "$(TARGET_NAME)";
				SWIFT_VERSION = 5.0;
				TARGETED_DEVICE_FAMILY = "1,2";
			};
			name = Release;
		};
/* End XCBuildConfiguration section */

/* Begin XCConfigurationList section */
		98459534244CC79A008473D7 /* Build configuration list for PBXProject "Animating MapKit Annotations" */ = {
			isa = XCConfigurationList;
			buildConfigurations = (
				9845954B244CC79C008473D7 /* Debug */,
				9845954C244CC79C008473D7 /* Release */,
			);
			defaultConfigurationIsVisible = 0;
			defaultConfigurationName = Release;
		};
		9845954D244CC79C008473D7 /* Build configuration list for PBXNativeTarget "Animating MapKit Annotations" */ = {
			isa = XCConfigurationList;
			buildConfigurations = (
				9845954E244CC79C008473D7 /* Debug */,
				9845954F244CC79C008473D7 /* Release */,
			);
			defaultConfigurationIsVisible = 0;
			defaultConfigurationName = Release;
		};
/* End XCConfigurationList section */
	};
	rootObject = 98459531244CC79A008473D7 /* Project object */;
}
